
Microsoft Visual Studio Solution File, Format Version 12.00
# Visual Studio 14
VisualStudioVersion = 14.0.25123.0
MinimumVisualStudioVersion = 10.0.40219.1
Project("{FAE04EC0-301F-11D3-BF4B-00C04F79EFBC}") = "TaskForPlarium", "TaskForPlarium\TaskForPlarium.csproj", "{B2C293A4-DE10-4A0C-8552-2FFB21D66FDD}"
EndProject
Global
	GlobalSection(SolutionConfigurationPlatforms) = preSolution
		Debug|Any CPU = Debug|Any CPU
		Release|Any CPU = Release|Any CPU
	EndGlobalSection
	GlobalSection(ProjectConfigurationPlatforms) = postSolution
		{B2C293A4-DE10-4A0C-8552-2FFB21D66FDD}.Debug|Any CPU.ActiveCfg = Debug|Any CPU
		{B2C293A4-DE10-4A0C-8552-2FFB21D66FDD}.Debug|Any CPU.Build.0 = Debug|Any CPU
		{B2C293A4-DE10-4A0C-8552-2FFB21D66FDD}.Release|Any CPU.ActiveCfg = Release|Any CPU
		{B2C293A4-DE10-4A0C-8552-2FFB21D66FDD}.Release|Any CPU.Build.0 = Release|Any CPU
	EndGlobalSection
	GlobalSection(SolutionProperties) = preSolution
		HideSolutionNode = FALSE
	EndGlobalSection
EndGlobal
